
Microsoft Visual Studio Solution File, Format Version 12.00
# Visual Studio Version 17
VisualStudioVersion = 17.14.36518.9 d17.14
MinimumVisualStudioVersion = 10.0.40219.1
Project("{FAE04EC0-301F-11D3-BF4B-00C04F79EFBC}") = "FuerzaGServicial", "FuerzaGServicial\FuerzaGServicial.csproj", "{18E2760E-C11F-4CA1-8B79-C986E8E0BE57}"
EndProject
Project("{FAE04EC0-301F-11D3-BF4B-00C04F79EFBC}") = "OwnerService", "OwnerService\OwnerService.csproj", "{52287E5C-FDB9-4D2B-B37C-8BB63E99AEF0}"
EndProject
Project("{FAE04EC0-301F-11D3-BF4B-00C04F79EFBC}") = "CommonService", "CommonService\CommonService.csproj", "{0DF818D6-3D56-45B3-9440-575B418EC6D9}"
EndProject
Project("{FAE04EC0-301F-11D3-BF4B-00C04F79EFBC}") = "UserAccountService", "UserAccountService\UserAccountService.csproj", "{DBC9DEBD-8F9D-1A2D-5D1A-D89D5CFEE3E4}"
EndProject
Project("{FAE04EC0-301F-11D3-BF4B-00C04F79EFBC}") = "ServiceService", "ServiceService\ServiceService.csproj", "{DF49F3B3-F1AB-47B9-AD68-0FE424583E43}"
EndProject
Global
	GlobalSection(SolutionConfigurationPlatforms) = preSolution
		Debug|Any CPU = Debug|Any CPU
		Release|Any CPU = Release|Any CPU
	EndGlobalSection
	GlobalSection(ProjectConfigurationPlatforms) = postSolution
		{18E2760E-C11F-4CA1-8B79-C986E8E0BE57}.Debug|Any CPU.ActiveCfg = Debug|Any CPU
		{18E2760E-C11F-4CA1-8B79-C986E8E0BE57}.Debug|Any CPU.Build.0 = Debug|Any CPU
		{18E2760E-C11F-4CA1-8B79-C986E8E0BE57}.Release|Any CPU.ActiveCfg = Release|Any CPU
		{18E2760E-C11F-4CA1-8B79-C986E8E0BE57}.Release|Any CPU.Build.0 = Release|Any CPU
		{52287E5C-FDB9-4D2B-B37C-8BB63E99AEF0}.Debug|Any CPU.ActiveCfg = Debug|Any CPU
		{52287E5C-FDB9-4D2B-B37C-8BB63E99AEF0}.Debug|Any CPU.Build.0 = Debug|Any CPU
		{52287E5C-FDB9-4D2B-B37C-8BB63E99AEF0}.Release|Any CPU.ActiveCfg = Release|Any CPU
		{52287E5C-FDB9-4D2B-B37C-8BB63E99AEF0}.Release|Any CPU.Build.0 = Release|Any CPU
		{0DF818D6-3D56-45B3-9440-575B418EC6D9}.Debug|Any CPU.ActiveCfg = Debug|Any CPU
		{0DF818D6-3D56-45B3-9440-575B418EC6D9}.Debug|Any CPU.Build.0 = Debug|Any CPU
		{0DF818D6-3D56-45B3-9440-575B418EC6D9}.Release|Any CPU.ActiveCfg = Release|Any CPU
		{0DF818D6-3D56-45B3-9440-575B418EC6D9}.Release|Any CPU.Build.0 = Release|Any CPU
		{DBC9DEBD-8F9D-1A2D-5D1A-D89D5CFEE3E4}.Debug|Any CPU.ActiveCfg = Debug|Any CPU
		{DBC9DEBD-8F9D-1A2D-5D1A-D89D5CFEE3E4}.Debug|Any CPU.Build.0 = Debug|Any CPU
		{DBC9DEBD-8F9D-1A2D-5D1A-D89D5CFEE3E4}.Release|Any CPU.ActiveCfg = Release|Any CPU
		{DBC9DEBD-8F9D-1A2D-5D1A-D89D5CFEE3E4}.Release|Any CPU.Build.0 = Release|Any CPU
		{DF49F3B3-F1AB-47B9-AD68-0FE424583E43}.Debug|Any CPU.ActiveCfg = Debug|Any CPU
		{DF49F3B3-F1AB-47B9-AD68-0FE424583E43}.Debug|Any CPU.Build.0 = Debug|Any CPU
		{DF49F3B3-F1AB-47B9-AD68-0FE424583E43}.Release|Any CPU.ActiveCfg = Release|Any CPU
		{DF49F3B3-F1AB-47B9-AD68-0FE424583E43}.Release|Any CPU.Build.0 = Release|Any CPU
	EndGlobalSection
	GlobalSection(SolutionProperties) = preSolution
		HideSolutionNode = FALSE
	EndGlobalSection
	GlobalSection(ExtensibilityGlobals) = postSolution
		SolutionGuid = {4C439966-0933-4362-AB1E-C06E547F10AB}
	EndGlobalSection
EndGlobal
